{
  "originHash" : "9af7aaae3bdf9b89dbc4be78d45726a4b72664aa8f2426e3d934e63bf88b1984",
  "pins" : [
    {
      "identity" : "oggdecoder",
      "kind" : "remoteSourceControl",
      "location" : "https://github.com/robertmeta/OggDecoder.git",
      "state" : {
        "branch" : "main",
        "revision" : "229d1ca607072a961036ce2fac75c693a1bd7225"
      }
    }
  ],
  "version" : 3
}
